
Microsoft Visual Studio Solution File, Format Version 12.00
# Visual Studio 15
VisualStudioVersion = 15.0.26124.0
MinimumVisualStudioVersion = 15.0.26124.0
Project("{FAE04EC0-301F-11D3-BF4B-00C04F79EFBC}") = "TestYourStudents.API", "TestYourStudents.API\TestYourStudents.API.csproj", "{4D7EE119-F5AE-450B-B67D-A3262DFC34C6}"
EndProject
Project("{FAE04EC0-301F-11D3-BF4B-00C04F79EFBC}") = "TestYourStudents.Core", "TestYourStudents.Core\TestYourStudents.Core.csproj", "{3004CD33-760B-4FD5-8984-1E195FBF0B19}"
EndProject
Project("{FAE04EC0-301F-11D3-BF4B-00C04F79EFBC}") = "TestYourStudents.EF", "TestYourStudents.EF\TestYourStudents.EF.csproj", "{77F41A3F-5F92-439B-9F4A-4D399ADF5A3F}"
EndProject
Project("{FAE04EC0-301F-11D3-BF4B-00C04F79EFBC}") = "TestYourStudents.Tests", "TestYourStudents.Tests\TestYourStudents.Tests.csproj", "{2947C511-29B5-4AEB-B0D0-57138B78E530}"
EndProject
Global
	GlobalSection(SolutionConfigurationPlatforms) = preSolution
		Debug|Any CPU = Debug|Any CPU
		Debug|x64 = Debug|x64
		Debug|x86 = Debug|x86
		Release|Any CPU = Release|Any CPU
		Release|x64 = Release|x64
		Release|x86 = Release|x86
	EndGlobalSection
	GlobalSection(SolutionProperties) = preSolution
		HideSolutionNode = FALSE
	EndGlobalSection
	GlobalSection(ProjectConfigurationPlatforms) = postSolution
		{4D7EE119-F5AE-450B-B67D-A3262DFC34C6}.Debug|Any CPU.ActiveCfg = Debug|Any CPU
		{4D7EE119-F5AE-450B-B67D-A3262DFC34C6}.Debug|Any CPU.Build.0 = Debug|Any CPU
		{4D7EE119-F5AE-450B-B67D-A3262DFC34C6}.Debug|x64.ActiveCfg = Debug|Any CPU
		{4D7EE119-F5AE-450B-B67D-A3262DFC34C6}.Debug|x64.Build.0 = Debug|Any CPU
		{4D7EE119-F5AE-450B-B67D-A3262DFC34C6}.Debug|x86.ActiveCfg = Debug|Any CPU
		{4D7EE119-F5AE-450B-B67D-A3262DFC34C6}.Debug|x86.Build.0 = Debug|Any CPU
		{4D7EE119-F5AE-450B-B67D-A3262DFC34C6}.Release|Any CPU.ActiveCfg = Release|Any CPU
		{4D7EE119-F5AE-450B-B67D-A3262DFC34C6}.Release|Any CPU.Build.0 = Release|Any CPU
		{4D7EE119-F5AE-450B-B67D-A3262DFC34C6}.Release|x64.ActiveCfg = Release|Any CPU
		{4D7EE119-F5AE-450B-B67D-A3262DFC34C6}.Release|x64.Build.0 = Release|Any CPU
		{4D7EE119-F5AE-450B-B67D-A3262DFC34C6}.Release|x86.ActiveCfg = Release|Any CPU
		{4D7EE119-F5AE-450B-B67D-A3262DFC34C6}.Release|x86.Build.0 = Release|Any CPU
		{3004CD33-760B-4FD5-8984-1E195FBF0B19}.Debug|Any CPU.ActiveCfg = Debug|Any CPU
		{3004CD33-760B-4FD5-8984-1E195FBF0B19}.Debug|Any CPU.Build.0 = Debug|Any CPU
		{3004CD33-760B-4FD5-8984-1E195FBF0B19}.Debug|x64.ActiveCfg = Debug|Any CPU
		{3004CD33-760B-4FD5-8984-1E195FBF0B19}.Debug|x64.Build.0 = Debug|Any CPU
		{3004CD33-760B-4FD5-8984-1E195FBF0B19}.Debug|x86.ActiveCfg = Debug|Any CPU
		{3004CD33-760B-4FD5-8984-1E195FBF0B19}.Debug|x86.Build.0 = Debug|Any CPU
		{3004CD33-760B-4FD5-8984-1E195FBF0B19}.Release|Any CPU.ActiveCfg = Release|Any CPU
		{3004CD33-760B-4FD5-8984-1E195FBF0B19}.Release|Any CPU.Build.0 = Release|Any CPU
		{3004CD33-760B-4FD5-8984-1E195FBF0B19}.Release|x64.ActiveCfg = Release|Any CPU
		{3004CD33-760B-4FD5-8984-1E195FBF0B19}.Release|x64.Build.0 = Release|Any CPU
		{3004CD33-760B-4FD5-8984-1E195FBF0B19}.Release|x86.ActiveCfg = Release|Any CPU
		{3004CD33-760B-4FD5-8984-1E195FBF0B19}.Release|x86.Build.0 = Release|Any CPU
		{77F41A3F-5F92-439B-9F4A-4D399ADF5A3F}.Debug|Any CPU.ActiveCfg = Debug|Any CPU
		{77F41A3F-5F92-439B-9F4A-4D399ADF5A3F}.Debug|Any CPU.Build.0 = Debug|Any CPU
		{77F41A3F-5F92-439B-9F4A-4D399ADF5A3F}.Debug|x64.ActiveCfg = Debug|Any CPU
		{77F41A3F-5F92-439B-9F4A-4D399ADF5A3F}.Debug|x64.Build.0 = Debug|Any CPU
		{77F41A3F-5F92-439B-9F4A-4D399ADF5A3F}.Debug|x86.ActiveCfg = Debug|Any CPU
		{77F41A3F-5F92-439B-9F4A-4D399ADF5A3F}.Debug|x86.Build.0 = Debug|Any CPU
		{77F41A3F-5F92-439B-9F4A-4D399ADF5A3F}.Release|Any CPU.ActiveCfg = Release|Any CPU
		{77F41A3F-5F92-439B-9F4A-4D399ADF5A3F}.Release|Any CPU.Build.0 = Release|Any CPU
		{77F41A3F-5F92-439B-9F4A-4D399ADF5A3F}.Release|x64.ActiveCfg = Release|Any CPU
		{77F41A3F-5F92-439B-9F4A-4D399ADF5A3F}.Release|x64.Build.0 = Release|Any CPU
		{77F41A3F-5F92-439B-9F4A-4D399ADF5A3F}.Release|x86.ActiveCfg = Release|Any CPU
		{77F41A3F-5F92-439B-9F4A-4D399ADF5A3F}.Release|x86.Build.0 = Release|Any CPU
		{2947C511-29B5-4AEB-B0D0-57138B78E530}.Debug|Any CPU.ActiveCfg = Debug|Any CPU
		{2947C511-29B5-4AEB-B0D0-57138B78E530}.Debug|Any CPU.Build.0 = Debug|Any CPU
		{2947C511-29B5-4AEB-B0D0-57138B78E530}.Debug|x64.ActiveCfg = Debug|Any CPU
		{2947C511-29B5-4AEB-B0D0-57138B78E530}.Debug|x64.Build.0 = Debug|Any CPU
		{2947C511-29B5-4AEB-B0D0-57138B78E530}.Debug|x86.ActiveCfg = Debug|Any CPU
		{2947C511-29B5-4AEB-B0D0-57138B78E530}.Debug|x86.Build.0 = Debug|Any CPU
		{2947C511-29B5-4AEB-B0D0-57138B78E530}.Release|Any CPU.ActiveCfg = Release|Any CPU
		{2947C511-29B5-4AEB-B0D0-57138B78E530}.Release|Any CPU.Build.0 = Release|Any CPU
		{2947C511-29B5-4AEB-B0D0-57138B78E530}.Release|x64.ActiveCfg = Release|Any CPU
		{2947C511-29B5-4AEB-B0D0-57138B78E530}.Release|x64.Build.0 = Release|Any CPU
		{2947C511-29B5-4AEB-B0D0-57138B78E530}.Release|x86.ActiveCfg = Release|Any CPU
		{2947C511-29B5-4AEB-B0D0-57138B78E530}.Release|x86.Build.0 = Release|Any CPU
	EndGlobalSection
EndGlobal
